
Microsoft Visual Studio Solution File, Format Version 12.00
# Visual Studio 15
VisualStudioVersion = 15.0.28307.136
MinimumVisualStudioVersion = 10.0.40219.1
Project("{9A19103F-16F7-4668-BE54-9A1E7A4F7556}") = "BSK", "BSK\BSK.csproj", "{55B8A46F-ADCD-4763-A093-4F21A3677393}"
EndProject
Project("{FAE04EC0-301F-11D3-BF4B-00C04F79EFBC}") = "Tests", "Tests\Tests.csproj", "{0E44A85B-954B-44CA-81F8-A6494D3A4FCB}"
EndProject
Global
	GlobalSection(SolutionConfigurationPlatforms) = preSolution
		Debug|Any CPU = Debug|Any CPU
		Release|Any CPU = Release|Any CPU
	EndGlobalSection
	GlobalSection(ProjectConfigurationPlatforms) = postSolution
		{55B8A46F-ADCD-4763-A093-4F21A3677393}.Debug|Any CPU.ActiveCfg = Debug|Any CPU
		{55B8A46F-ADCD-4763-A093-4F21A3677393}.Debug|Any CPU.Build.0 = Debug|Any CPU
		{55B8A46F-ADCD-4763-A093-4F21A3677393}.Release|Any CPU.ActiveCfg = Release|Any CPU
		{55B8A46F-ADCD-4763-A093-4F21A3677393}.Release|Any CPU.Build.0 = Release|Any CPU
		{0E44A85B-954B-44CA-81F8-A6494D3A4FCB}.Debug|Any CPU.ActiveCfg = Debug|Any CPU
		{0E44A85B-954B-44CA-81F8-A6494D3A4FCB}.Debug|Any CPU.Build.0 = Debug|Any CPU
		{0E44A85B-954B-44CA-81F8-A6494D3A4FCB}.Release|Any CPU.ActiveCfg = Release|Any CPU
		{0E44A85B-954B-44CA-81F8-A6494D3A4FCB}.Release|Any CPU.Build.0 = Release|Any CPU
	EndGlobalSection
	GlobalSection(SolutionProperties) = preSolution
		HideSolutionNode = FALSE
	EndGlobalSection
	GlobalSection(ExtensibilityGlobals) = postSolution
		SolutionGuid = {FE5A33E7-2A84-44D4-A461-CDC4A9C7619E}
	EndGlobalSection
EndGlobal
